
Microsoft Visual Studio Solution File, Format Version 12.00
# Visual Studio Version 17
VisualStudioVersion = 17.5.002.0
MinimumVisualStudioVersion = 10.0.40219.1
Project("{9A19103F-16F7-4668-BE54-9A1E7A4F7556}") = "Exo-Banque", "Exo-Banque.csproj", "{EC17B1DD-52B0-439C-9F3A-ECAD48679C2D}"
EndProject
Global
	GlobalSection(SolutionConfigurationPlatforms) = preSolution
		Debug|Any CPU = Debug|Any CPU
		Release|Any CPU = Release|Any CPU
	EndGlobalSection
	GlobalSection(ProjectConfigurationPlatforms) = postSolution
		{EC17B1DD-52B0-439C-9F3A-ECAD48679C2D}.Debug|Any CPU.ActiveCfg = Debug|Any CPU
		{EC17B1DD-52B0-439C-9F3A-ECAD48679C2D}.Debug|Any CPU.Build.0 = Debug|Any CPU
		{EC17B1DD-52B0-439C-9F3A-ECAD48679C2D}.Release|Any CPU.ActiveCfg = Release|Any CPU
		{EC17B1DD-52B0-439C-9F3A-ECAD48679C2D}.Release|Any CPU.Build.0 = Release|Any CPU
	EndGlobalSection
	GlobalSection(SolutionProperties) = preSolution
		HideSolutionNode = FALSE
	EndGlobalSection
	GlobalSection(ExtensibilityGlobals) = postSolution
		SolutionGuid = {F3333454-CB74-4FF4-A485-6D3504CAFD93}
	EndGlobalSection
EndGlobal
